{
  "version": 4,
  "terraform_version": "1.9.8",
  "serial": 5,
  "lineage": "1143e3c6-0402-3d04-9bc1-b2936fb93824",
  "outputs": {
    "webapp_url": {
      "value": "demo-prod-web-app.azurewebsites.net",
      "type": "string"
    }
  },
  "resources": [
    {
      "mode": "managed",
      "type": "azurerm_linux_web_app",
      "name": "webapp",
      "provider": "provider[\"registry.terraform.io/hashicorp/azurerm\"]",
      "instances": [
        {
          "schema_version": 0,
          "attributes": {
            "app_settings": null,
            "auth_settings": [
              {
                "active_directory": [],
                "additional_login_parameters": {},
                "allowed_external_redirect_urls": [],
                "default_provider": "",
                "enabled": false,
                "facebook": [],
                "github": [],
                "google": [],
                "issuer": "",
                "microsoft": [],
                "runtime_version": "",
                "token_refresh_extension_hours": 0,
                "token_store_enabled": false,
                "twitter": [],
                "unauthenticated_client_action": ""
              }
            ],
            "backup": [],
            "client_affinity_enabled": false,
            "client_certificate_enabled": false,
            "client_certificate_mode": "Required",
            "connection_string": [],
            "custom_domain_verification_id": "9E3B048A808619DFA45717599AEF4D0271170CC80020BE40BB0F0665F86BC0EE",
            "default_hostname": "demo-prod-web-app.azurewebsites.net",
            "enabled": true,
            "https_only": true,
            "id": "/subscriptions/557929f3-6609-41aa-94b5-fbee444cac34/resourceGroups/gitops/providers/Microsoft.Web/sites/demo-prod-web-app",
            "identity": [],
            "key_vault_reference_identity_id": "SystemAssigned",
            "kind": "app,linux",
            "location": "eastus2",
            "logs": [],
            "name": "demo-prod-web-app",
            "outbound_ip_address_list": [
              "104.208.138.157",
              "104.46.127.127",
              "52.251.126.49",
              "104.209.194.156",
              "40.70.147.13"
            ],
            "outbound_ip_addresses": "104.208.138.157,104.46.127.127,52.251.126.49,104.209.194.156,40.70.147.13",
            "possible_outbound_ip_address_list": [
              "104.208.138.157",
              "104.46.127.127",
              "52.251.126.49",
              "104.209.194.156",
              "52.251.115.213",
              "104.209.219.240",
              "52.251.114.9",
              "13.77.69.217",
              "40.123.55.50",
              "20.7.100.98",
              "20.7.100.108",
              "20.7.100.134",
              "20.7.100.139",
              "20.7.100.160",
              "20.7.100.206",
              "20.22.16.191",
              "20.22.17.198",
              "20.22.17.229",
              "20.22.18.73",
              "20.22.18.236",
              "20.22.19.80",
              "40.70.147.13"
            ],
            "possible_outbound_ip_addresses": "104.208.138.157,104.46.127.127,52.251.126.49,104.209.194.156,52.251.115.213,104.209.219.240,52.251.114.9,13.77.69.217,40.123.55.50,20.7.100.98,20.7.100.108,20.7.100.134,20.7.100.139,20.7.100.160,20.7.100.206,20.22.16.191,20.22.17.198,20.22.17.229,20.22.18.73,20.22.18.236,20.22.19.80,40.70.147.13",
            "resource_group_name": "gitops",
            "service_plan_id": "/subscriptions/557929f3-6609-41aa-94b5-fbee444cac34/resourceGroups/gitops/providers/Microsoft.Web/serverfarms/demo-gitops",
            "site_config": [
              {
                "always_on": false,
                "api_definition_url": "",
                "api_management_api_id": "",
                "app_command_line": "",
                "application_stack": [
                  {
                    "docker_image": "",
                    "docker_image_tag": "",
                    "dotnet_version": "6.0",
                    "java_server": "",
                    "java_server_version": "",
                    "java_version": "",
                    "node_version": "",
                    "php_version": "",
                    "python_version": "",
                    "ruby_version": ""
                  }
                ],
                "auto_heal_enabled": false,
                "auto_heal_setting": [],
                "container_registry_managed_identity_client_id": "",
                "container_registry_use_managed_identity": false,
                "cors": [],
                "default_documents": [
                  "Default.htm",
                  "Default.html",
                  "Default.asp",
                  "index.htm",
                  "index.html",
                  "iisstart.htm",
                  "default.aspx",
                  "index.php",
                  "hostingstart.html"
                ],
                "detailed_error_logging_enabled": false,
                "ftps_state": "Disabled",
                "health_check_eviction_time_in_min": 0,
                "health_check_path": "",
                "http2_enabled": false,
                "ip_restriction": [],
                "linux_fx_version": "DOTNETCORE|6.0",
                "load_balancing_mode": "LeastRequests",
                "local_mysql_enabled": false,
                "managed_pipeline_mode": "Integrated",
                "minimum_tls_version": "1.2",
                "remote_debugging_enabled": false,
                "remote_debugging_version": "VS2022",
                "scm_ip_restriction": [],
                "scm_minimum_tls_version": "1.2",
                "scm_type": "None",
                "scm_use_main_ip_restriction": false,
                "use_32_bit_worker": true,
                "vnet_route_all_enabled": false,
                "websockets_enabled": false,
                "worker_count": 1
              }
            ],
            "site_credential": [
              {
                "name": "$demo-prod-web-app",
                "password": "mQbFAaPD3Z0uLL1b4z4ibyKShyELDSXbS27XptKstoufphcGctXs66mLuK2E"
              }
            ],
            "storage_account": [],
            "tags": {
              "environment": "prod"
            },
            "timeouts": null
          },
          "sensitive_attributes": [
            [
              {
                "type": "get_attr",
                "value": "custom_domain_verification_id"
              }
            ]
          ],
          "private": "eyJlMmJmYjczMC1lY2FhLTExZTYtOGY4OC0zNDM2M2JjN2M0YzAiOnsiY3JlYXRlIjoxODAwMDAwMDAwMDAwLCJkZWxldGUiOjE4MDAwMDAwMDAwMDAsInJlYWQiOjMwMDAwMDAwMDAwMCwidXBkYXRlIjoxODAwMDAwMDAwMDAwfX0=",
          "dependencies": [
            "azurerm_service_plan.app_service_plan"
          ]
        }
      ]
    },
    {
      "mode": "managed",
      "type": "azurerm_service_plan",
      "name": "app_service_plan",
      "provider": "provider[\"registry.terraform.io/hashicorp/azurerm\"]",
      "instances": [
        {
          "schema_version": 0,
          "attributes": {
            "app_service_environment_id": "",
            "id": "/subscriptions/557929f3-6609-41aa-94b5-fbee444cac34/resourceGroups/gitops/providers/Microsoft.Web/serverfarms/demo-gitops",
            "kind": "linux",
            "location": "eastus2",
            "maximum_elastic_worker_count": 1,
            "name": "demo-gitops",
            "os_type": "Linux",
            "per_site_scaling_enabled": false,
            "reserved": true,
            "resource_group_name": "gitops",
            "sku_name": "F1",
            "tags": {},
            "timeouts": null,
            "worker_count": 1
          },
          "sensitive_attributes": [],
          "private": "eyJlMmJmYjczMC1lY2FhLTExZTYtOGY4OC0zNDM2M2JjN2M0YzAiOnsiY3JlYXRlIjozNjAwMDAwMDAwMDAwLCJkZWxldGUiOjM2MDAwMDAwMDAwMDAsInJlYWQiOjMwMDAwMDAwMDAwMCwidXBkYXRlIjozNjAwMDAwMDAwMDAwfX0="
        }
      ]
    }
  ],
  "check_results": null
}
